
Microsoft Visual Studio Solution File, Format Version 12.00
# Visual Studio 15
VisualStudioVersion = 15.0.27703.2018
MinimumVisualStudioVersion = 10.0.40219.1
Project("{FAE04EC0-301F-11D3-BF4B-00C04F79EFBC}") = "GnuPlotDotNetLibCore", "GnuPlotDotNetLib\GnuPlotDotNetLibCore.csproj", "{88C194CE-756F-4E64-9942-CCA494C0D253}"
EndProject
Project("{FAE04EC0-301F-11D3-BF4B-00C04F79EFBC}") = "UnitTestProject1", "UnitTestProject1\UnitTestProject1.csproj", "{869B0C56-6C95-4D98-A3CE-C0B49459918A}"
EndProject
Project("{FAE04EC0-301F-11D3-BF4B-00C04F79EFBC}") = "GnuPlotDotNetLibFwk", "GnuPlotDotNetLibFwk\GnuPlotDotNetLibFwk.csproj", "{6FA94FAA-FE1E-42C5-9DDD-88919C728A5D}"
EndProject
Global
	GlobalSection(SolutionConfigurationPlatforms) = preSolution
		Debug|Any CPU = Debug|Any CPU
		Release|Any CPU = Release|Any CPU
	EndGlobalSection
	GlobalSection(ProjectConfigurationPlatforms) = postSolution
		{88C194CE-756F-4E64-9942-CCA494C0D253}.Debug|Any CPU.ActiveCfg = Debug|Any CPU
		{88C194CE-756F-4E64-9942-CCA494C0D253}.Debug|Any CPU.Build.0 = Debug|Any CPU
		{88C194CE-756F-4E64-9942-CCA494C0D253}.Release|Any CPU.ActiveCfg = Release|Any CPU
		{88C194CE-756F-4E64-9942-CCA494C0D253}.Release|Any CPU.Build.0 = Release|Any CPU
		{869B0C56-6C95-4D98-A3CE-C0B49459918A}.Debug|Any CPU.ActiveCfg = Debug|Any CPU
		{869B0C56-6C95-4D98-A3CE-C0B49459918A}.Debug|Any CPU.Build.0 = Debug|Any CPU
		{869B0C56-6C95-4D98-A3CE-C0B49459918A}.Release|Any CPU.ActiveCfg = Release|Any CPU
		{869B0C56-6C95-4D98-A3CE-C0B49459918A}.Release|Any CPU.Build.0 = Release|Any CPU
		{6FA94FAA-FE1E-42C5-9DDD-88919C728A5D}.Debug|Any CPU.ActiveCfg = Debug|Any CPU
		{6FA94FAA-FE1E-42C5-9DDD-88919C728A5D}.Debug|Any CPU.Build.0 = Debug|Any CPU
		{6FA94FAA-FE1E-42C5-9DDD-88919C728A5D}.Release|Any CPU.ActiveCfg = Release|Any CPU
		{6FA94FAA-FE1E-42C5-9DDD-88919C728A5D}.Release|Any CPU.Build.0 = Release|Any CPU
	EndGlobalSection
	GlobalSection(SolutionProperties) = preSolution
		HideSolutionNode = FALSE
	EndGlobalSection
	GlobalSection(ExtensibilityGlobals) = postSolution
		SolutionGuid = {7BE94073-BBAF-489B-9194-34F98B7FB660}
	EndGlobalSection
EndGlobal
